// !$*UTF8*$!
{
	archiveVersion = 1;
	classes = {
	};
	objectVersion = 56;
	objects = {

/* Begin PBXBuildFile section */
		FFBB39692A97BADE002169C6 /* LossesPersonnel.swift in Sources */ = {isa = PBXBuildFile; fileRef = FFBB39682A97BADE002169C6 /* LossesPersonnel.swift */; };
		FFBB396D2A97BBD1002169C6 /* NetworkService.swift in Sources */ = {isa = PBXBuildFile; fileRef = FFBB396C2A97BBD1002169C6 /* NetworkService.swift */; };
		FFBB396F2A97BBFD002169C6 /* NetworkError.swift in Sources */ = {isa = PBXBuildFile; fileRef = FFBB396E2A97BBFD002169C6 /* NetworkError.swift */; };
		FFBB39722A97BC8C002169C6 /* DataService.swift in Sources */ = {isa = PBXBuildFile; fileRef = FFBB39712A97BC8C002169C6 /* DataService.swift */; };
		FFBB39742A97C312002169C6 /* DataError.swift in Sources */ = {isa = PBXBuildFile; fileRef = FFBB39732A97C312002169C6 /* DataError.swift */; };
		FFBB397E2A98D1EE002169C6 /* Losses.swift in Sources */ = {isa = PBXBuildFile; fileRef = FFBB397D2A98D1EE002169C6 /* Losses.swift */; };
		FFBB39812A98D5B8002169C6 /* Int+OptionalMinus.swift in Sources */ = {isa = PBXBuildFile; fileRef = FFBB39802A98D5B8002169C6 /* Int+OptionalMinus.swift */; };
		FFD8913F2A96599600ACA175 /* AppDelegate.swift in Sources */ = {isa = PBXBuildFile; fileRef = FFD8913E2A96599600ACA175 /* AppDelegate.swift */; };
		FFD891412A96599600ACA175 /* SceneDelegate.swift in Sources */ = {isa = PBXBuildFile; fileRef = FFD891402A96599600ACA175 /* SceneDelegate.swift */; };
		FFD891482A96599E00ACA175 /* Assets.xcassets in Resources */ = {isa = PBXBuildFile; fileRef = FFD891472A96599E00ACA175 /* Assets.xcassets */; };
		FFD8914B2A96599E00ACA175 /* LaunchScreen.storyboard in Resources */ = {isa = PBXBuildFile; fileRef = FFD891492A96599E00ACA175 /* LaunchScreen.storyboard */; };
		FFD891552A965AC600ACA175 /* Images.xcassets in Resources */ = {isa = PBXBuildFile; fileRef = FFD891542A965AC600ACA175 /* Images.xcassets */; };
		FFD891582A965AE100ACA175 /* Colors.xcassets in Resources */ = {isa = PBXBuildFile; fileRef = FFD891572A965AE100ACA175 /* Colors.xcassets */; };
		FFD8915C2A965B7B00ACA175 /* Localizable.strings in Resources */ = {isa = PBXBuildFile; fileRef = FFD8915E2A965B7B00ACA175 /* Localizable.strings */; };
		FFD891752A96610300ACA175 /* Strings.generated.swift in Sources */ = {isa = PBXBuildFile; fileRef = FFD891732A96610300ACA175 /* Strings.generated.swift */; };
		FFD891762A96610300ACA175 /* Assets.generated.swift in Sources */ = {isa = PBXBuildFile; fileRef = FFD891742A96610300ACA175 /* Assets.generated.swift */; };
		FFD8917B2A96721500ACA175 /* LoadingViewController.swift in Sources */ = {isa = PBXBuildFile; fileRef = FFD8917A2A96721500ACA175 /* LoadingViewController.swift */; };
		FFD8917E2A96723700ACA175 /* SnapKit in Frameworks */ = {isa = PBXBuildFile; productRef = FFD8917D2A96723700ACA175 /* SnapKit */; };
		FFD891812A967B7100ACA175 /* LoadingConstants.swift in Sources */ = {isa = PBXBuildFile; fileRef = FFD891802A967B7100ACA175 /* LoadingConstants.swift */; };
		FFD891852A968A7300ACA175 /* LossesEquipment.swift in Sources */ = {isa = PBXBuildFile; fileRef = FFD891842A968A7300ACA175 /* LossesEquipment.swift */; };
/* End PBXBuildFile section */

/* Begin PBXFileReference section */
		FFBB39682A97BADE002169C6 /* LossesPersonnel.swift */ = {isa = PBXFileReference; lastKnownFileType = sourcecode.swift; path = LossesPersonnel.swift; sourceTree = "<group>"; };
		FFBB396C2A97BBD1002169C6 /* NetworkService.swift */ = {isa = PBXFileReference; lastKnownFileType = sourcecode.swift; path = NetworkService.swift; sourceTree = "<group>"; };
		FFBB396E2A97BBFD002169C6 /* NetworkError.swift */ = {isa = PBXFileReference; lastKnownFileType = sourcecode.swift; path = NetworkError.swift; sourceTree = "<group>"; };
		FFBB39712A97BC8C002169C6 /* DataService.swift */ = {isa = PBXFileReference; lastKnownFileType = sourcecode.swift; path = DataService.swift; sourceTree = "<group>"; };
		FFBB39732A97C312002169C6 /* DataError.swift */ = {isa = PBXFileReference; lastKnownFileType = sourcecode.swift; path = DataError.swift; sourceTree = "<group>"; };
		FFBB397D2A98D1EE002169C6 /* Losses.swift */ = {isa = PBXFileReference; lastKnownFileType = sourcecode.swift; path = Losses.swift; sourceTree = "<group>"; };
		FFBB39802A98D5B8002169C6 /* Int+OptionalMinus.swift */ = {isa = PBXFileReference; lastKnownFileType = sourcecode.swift; path = "Int+OptionalMinus.swift"; sourceTree = "<group>"; };
		FFD8913B2A96599600ACA175 /* RussiaLosses.app */ = {isa = PBXFileReference; explicitFileType = wrapper.application; includeInIndex = 0; path = RussiaLosses.app; sourceTree = BUILT_PRODUCTS_DIR; };
		FFD8913E2A96599600ACA175 /* AppDelegate.swift */ = {isa = PBXFileReference; lastKnownFileType = sourcecode.swift; path = AppDelegate.swift; sourceTree = "<group>"; };
		FFD891402A96599600ACA175 /* SceneDelegate.swift */ = {isa = PBXFileReference; lastKnownFileType = sourcecode.swift; path = SceneDelegate.swift; sourceTree = "<group>"; };
		FFD891472A96599E00ACA175 /* Assets.xcassets */ = {isa = PBXFileReference; lastKnownFileType = folder.assetcatalog; path = Assets.xcassets; sourceTree = "<group>"; };
		FFD8914A2A96599E00ACA175 /* Base */ = {isa = PBXFileReference; lastKnownFileType = file.storyboard; name = Base; path = Base.lproj/LaunchScreen.storyboard; sourceTree = "<group>"; };
		FFD8914C2A96599E00ACA175 /* Info.plist */ = {isa = PBXFileReference; lastKnownFileType = text.plist.xml; path = Info.plist; sourceTree = "<group>"; };
		FFD891542A965AC600ACA175 /* Images.xcassets */ = {isa = PBXFileReference; lastKnownFileType = folder.assetcatalog; path = Images.xcassets; sourceTree = "<group>"; };
		FFD891572A965AE100ACA175 /* Colors.xcassets */ = {isa = PBXFileReference; lastKnownFileType = folder.assetcatalog; path = Colors.xcassets; sourceTree = "<group>"; };
		FFD8915D2A965B7B00ACA175 /* en */ = {isa = PBXFileReference; lastKnownFileType = text.plist.strings; name = en; path = en.lproj/Localizable.strings; sourceTree = "<group>"; };
		FFD891732A96610300ACA175 /* Strings.generated.swift */ = {isa = PBXFileReference; fileEncoding = 4; lastKnownFileType = sourcecode.swift; path = Strings.generated.swift; sourceTree = "<group>"; };
		FFD891742A96610300ACA175 /* Assets.generated.swift */ = {isa = PBXFileReference; fileEncoding = 4; lastKnownFileType = sourcecode.swift; path = Assets.generated.swift; sourceTree = "<group>"; };
		FFD8917A2A96721500ACA175 /* LoadingViewController.swift */ = {isa = PBXFileReference; lastKnownFileType = sourcecode.swift; path = LoadingViewController.swift; sourceTree = "<group>"; };
		FFD891802A967B7100ACA175 /* LoadingConstants.swift */ = {isa = PBXFileReference; lastKnownFileType = sourcecode.swift; path = LoadingConstants.swift; sourceTree = "<group>"; };
		FFD891842A968A7300ACA175 /* LossesEquipment.swift */ = {isa = PBXFileReference; lastKnownFileType = sourcecode.swift; path = LossesEquipment.swift; sourceTree = "<group>"; };
/* End PBXFileReference section */

/* Begin PBXFrameworksBuildPhase section */
		FFD891382A96599600ACA175 /* Frameworks */ = {
			isa = PBXFrameworksBuildPhase;
			buildActionMask = 2147483647;
			files = (
				FFD8917E2A96723700ACA175 /* SnapKit in Frameworks */,
			);
			runOnlyForDeploymentPostprocessing = 0;
		};
/* End PBXFrameworksBuildPhase section */

/* Begin PBXGroup section */
		FFBB396A2A97BB7F002169C6 /* Service */ = {
			isa = PBXGroup;
			children = (
				FFBB39702A97BC7C002169C6 /* DataService */,
				FFBB396B2A97BBBC002169C6 /* NetworkService */,
			);
			path = Service;
			sourceTree = "<group>";
		};
		FFBB396B2A97BBBC002169C6 /* NetworkService */ = {
			isa = PBXGroup;
			children = (
				FFBB396C2A97BBD1002169C6 /* NetworkService.swift */,
				FFBB396E2A97BBFD002169C6 /* NetworkError.swift */,
			);
			path = NetworkService;
			sourceTree = "<group>";
		};
		FFBB39702A97BC7C002169C6 /* DataService */ = {
			isa = PBXGroup;
			children = (
				FFBB39712A97BC8C002169C6 /* DataService.swift */,
				FFBB39732A97C312002169C6 /* DataError.swift */,
			);
			path = DataService;
			sourceTree = "<group>";
		};
		FFBB397F2A98D5A0002169C6 /* Extension */ = {
			isa = PBXGroup;
			children = (
				FFBB39802A98D5B8002169C6 /* Int+OptionalMinus.swift */,
			);
			path = Extension;
			sourceTree = "<group>";
		};
		FFD891322A96599600ACA175 = {
			isa = PBXGroup;
			children = (
				FFD891822A968A0400ACA175 /* Shared */,
				FFD8913D2A96599600ACA175 /* RussiaLosses */,
				FFD8913C2A96599600ACA175 /* Products */,
			);
			sourceTree = "<group>";
		};
		FFD8913C2A96599600ACA175 /* Products */ = {
			isa = PBXGroup;
			children = (
				FFD8913B2A96599600ACA175 /* RussiaLosses.app */,
			);
			name = Products;
			sourceTree = "<group>";
		};
		FFD8913D2A96599600ACA175 /* RussiaLosses */ = {
			isa = PBXGroup;
			children = (
				FFD891772A96714800ACA175 /* Flow */,
				FFD891532A965A2500ACA175 /* Resources */,
				FFD891522A9659CF00ACA175 /* App */,
			);
			path = RussiaLosses;
			sourceTree = "<group>";
		};
		FFD891522A9659CF00ACA175 /* App */ = {
			isa = PBXGroup;
			children = (
				FFD891492A96599E00ACA175 /* LaunchScreen.storyboard */,
				FFD8914C2A96599E00ACA175 /* Info.plist */,
				FFD891402A96599600ACA175 /* SceneDelegate.swift */,
				FFD8913E2A96599600ACA175 /* AppDelegate.swift */,
			);
			path = App;
			sourceTree = "<group>";
		};
		FFD891532A965A2500ACA175 /* Resources */ = {
			isa = PBXGroup;
			children = (
				FFD891602A965D8900ACA175 /* Swiftgen */,
				FFD891592A965B6700ACA175 /* Localize */,
				FFD891562A965ACB00ACA175 /* Assets */,
			);
			path = Resources;
			sourceTree = "<group>";
		};
		FFD891562A965ACB00ACA175 /* Assets */ = {
			isa = PBXGroup;
			children = (
				FFD891542A965AC600ACA175 /* Images.xcassets */,
				FFD891472A96599E00ACA175 /* Assets.xcassets */,
				FFD891572A965AE100ACA175 /* Colors.xcassets */,
			);
			path = Assets;
			sourceTree = "<group>";
		};
		FFD891592A965B6700ACA175 /* Localize */ = {
			isa = PBXGroup;
			children = (
				FFD8915E2A965B7B00ACA175 /* Localizable.strings */,
			);
			path = Localize;
			sourceTree = "<group>";
		};
		FFD891602A965D8900ACA175 /* Swiftgen */ = {
			isa = PBXGroup;
			children = (
				FFD891742A96610300ACA175 /* Assets.generated.swift */,
				FFD891732A96610300ACA175 /* Strings.generated.swift */,
			);
			path = Swiftgen;
			sourceTree = "<group>";
		};
		FFD891772A96714800ACA175 /* Flow */ = {
			isa = PBXGroup;
			children = (
				FFD891782A96716300ACA175 /* Loading */,
			);
			path = Flow;
			sourceTree = "<group>";
		};
		FFD891782A96716300ACA175 /* Loading */ = {
			isa = PBXGroup;
			children = (
				FFD8917F2A967B5F00ACA175 /* Model */,
				FFD891792A9671BB00ACA175 /* View */,
			);
			path = Loading;
			sourceTree = "<group>";
		};
		FFD891792A9671BB00ACA175 /* View */ = {
			isa = PBXGroup;
			children = (
				FFD8917A2A96721500ACA175 /* LoadingViewController.swift */,
			);
			path = View;
			sourceTree = "<group>";
		};
		FFD8917F2A967B5F00ACA175 /* Model */ = {
			isa = PBXGroup;
			children = (
				FFD891802A967B7100ACA175 /* LoadingConstants.swift */,
			);
			path = Model;
			sourceTree = "<group>";
		};
		FFD891822A968A0400ACA175 /* Shared */ = {
			isa = PBXGroup;
			children = (
				FFBB397F2A98D5A0002169C6 /* Extension */,
				FFBB396A2A97BB7F002169C6 /* Service */,
				FFD891832A968A1300ACA175 /* Model */,
			);
			path = Shared;
			sourceTree = "<group>";
		};
		FFD891832A968A1300ACA175 /* Model */ = {
			isa = PBXGroup;
			children = (
				FFD891862A968C0700ACA175 /* Codable */,
				FFBB397D2A98D1EE002169C6 /* Losses.swift */,
			);
			path = Model;
			sourceTree = "<group>";
		};
		FFD891862A968C0700ACA175 /* Codable */ = {
			isa = PBXGroup;
			children = (
				FFD891842A968A7300ACA175 /* LossesEquipment.swift */,
				FFBB39682A97BADE002169C6 /* LossesPersonnel.swift */,
			);
			path = Codable;
			sourceTree = "<group>";
		};
/* End PBXGroup section */

/* Begin PBXNativeTarget section */
		FFD8913A2A96599600ACA175 /* RussiaLosses */ = {
			isa = PBXNativeTarget;
			buildConfigurationList = FFD8914F2A96599E00ACA175 /* Build configuration list for PBXNativeTarget "RussiaLosses" */;
			buildPhases = (
				FFD8915F2A965C5400ACA175 /* [SwiftGen] Generate Resources */,
				FFD891672A965DCE00ACA175 /* [SwiftLint] Validate Sources */,
				FFD891372A96599600ACA175 /* Sources */,
				FFD891382A96599600ACA175 /* Frameworks */,
				FFD891392A96599600ACA175 /* Resources */,
			);
			buildRules = (
			);
			dependencies = (
			);
			name = RussiaLosses;
			packageProductDependencies = (
				FFD8917D2A96723700ACA175 /* SnapKit */,
			);
			productName = RussiaLosses;
			productReference = FFD8913B2A96599600ACA175 /* RussiaLosses.app */;
			productType = "com.apple.product-type.application";
		};
/* End PBXNativeTarget section */

/* Begin PBXProject section */
		FFD891332A96599600ACA175 /* Project object */ = {
			isa = PBXProject;
			attributes = {
				BuildIndependentTargetsInParallel = 1;
				LastSwiftUpdateCheck = 1430;
				LastUpgradeCheck = 1430;
				TargetAttributes = {
					FFD8913A2A96599600ACA175 = {
						CreatedOnToolsVersion = 14.3.1;
					};
				};
			};
			buildConfigurationList = FFD891362A96599600ACA175 /* Build configuration list for PBXProject "RussiaLosses" */;
			compatibilityVersion = "Xcode 14.0";
			developmentRegion = en;
			hasScannedForEncodings = 0;
			knownRegions = (
				en,
				Base,
			);
			mainGroup = FFD891322A96599600ACA175;
			packageReferences = (
				FFD8917C2A96723700ACA175 /* XCRemoteSwiftPackageReference "SnapKit" */,
			);
			productRefGroup = FFD8913C2A96599600ACA175 /* Products */;
			projectDirPath = "";
			projectRoot = "";
			targets = (
				FFD8913A2A96599600ACA175 /* RussiaLosses */,
			);
		};
/* End PBXProject section */

/* Begin PBXResourcesBuildPhase section */
		FFD891392A96599600ACA175 /* Resources */ = {
			isa = PBXResourcesBuildPhase;
			buildActionMask = 2147483647;
			files = (
				FFD8915C2A965B7B00ACA175 /* Localizable.strings in Resources */,
				FFD891552A965AC600ACA175 /* Images.xcassets in Resources */,
				FFD891582A965AE100ACA175 /* Colors.xcassets in Resources */,
				FFD8914B2A96599E00ACA175 /* LaunchScreen.storyboard in Resources */,
				FFD891482A96599E00ACA175 /* Assets.xcassets in Resources */,
			);
			runOnlyForDeploymentPostprocessing = 0;
		};
/* End PBXResourcesBuildPhase section */

/* Begin PBXShellScriptBuildPhase section */
		FFD8915F2A965C5400ACA175 /* [SwiftGen] Generate Resources */ = {
			isa = PBXShellScriptBuildPhase;
			alwaysOutOfDate = 1;
			buildActionMask = 2147483647;
			files = (
			);
			inputFileListPaths = (
			);
			inputPaths = (
			);
			name = "[SwiftGen] Generate Resources";
			outputFileListPaths = (
			);
			outputPaths = (
			);
			runOnlyForDeploymentPostprocessing = 0;
			shellPath = /bin/sh;
			shellScript = "# Type a script or drag a script file from your workspace to insert its path.\nexport PATH=\"$PATH:/opt/homebrew/bin\"\nif which swiftgen >/dev/null; then\n  swiftgen\nelse\n  echo \"warning: SwiftGen not installed, download it from https://github.com/SwiftGen/SwiftGen\"\nfi\n";
		};
		FFD891672A965DCE00ACA175 /* [SwiftLint] Validate Sources */ = {
			isa = PBXShellScriptBuildPhase;
			alwaysOutOfDate = 1;
			buildActionMask = 2147483647;
			files = (
			);
			inputFileListPaths = (
			);
			inputPaths = (
			);
			name = "[SwiftLint] Validate Sources";
			outputFileListPaths = (
			);
			outputPaths = (
			);
			runOnlyForDeploymentPostprocessing = 0;
			shellPath = /bin/sh;
			shellScript = "# Type a script or drag a script file from your workspace to insert its path.\nexport PATH=\"$PATH:/opt/homebrew/bin\"\nif which swiftlint > /dev/null; then\n  swiftlint\nelse\n  echo \"warning: SwiftLint not installed, download from https://github.com/realm/SwiftLint\"\nfi\n";
		};
/* End PBXShellScriptBuildPhase section */

/* Begin PBXSourcesBuildPhase section */
		FFD891372A96599600ACA175 /* Sources */ = {
			isa = PBXSourcesBuildPhase;
			buildActionMask = 2147483647;
			files = (
				FFD891852A968A7300ACA175 /* LossesEquipment.swift in Sources */,
				FFD891752A96610300ACA175 /* Strings.generated.swift in Sources */,
				FFD891762A96610300ACA175 /* Assets.generated.swift in Sources */,
				FFD8917B2A96721500ACA175 /* LoadingViewController.swift in Sources */,
				FFBB39812A98D5B8002169C6 /* Int+OptionalMinus.swift in Sources */,
				FFBB396D2A97BBD1002169C6 /* NetworkService.swift in Sources */,
				FFBB39722A97BC8C002169C6 /* DataService.swift in Sources */,
				FFBB397E2A98D1EE002169C6 /* Losses.swift in Sources */,
				FFBB39742A97C312002169C6 /* DataError.swift in Sources */,
				FFD8913F2A96599600ACA175 /* AppDelegate.swift in Sources */,
				FFD891812A967B7100ACA175 /* LoadingConstants.swift in Sources */,
				FFD891412A96599600ACA175 /* SceneDelegate.swift in Sources */,
				FFBB39692A97BADE002169C6 /* LossesPersonnel.swift in Sources */,
				FFBB396F2A97BBFD002169C6 /* NetworkError.swift in Sources */,
			);
			runOnlyForDeploymentPostprocessing = 0;
		};
/* End PBXSourcesBuildPhase section */

/* Begin PBXVariantGroup section */
		FFD891492A96599E00ACA175 /* LaunchScreen.storyboard */ = {
			isa = PBXVariantGroup;
			children = (
				FFD8914A2A96599E00ACA175 /* Base */,
			);
			name = LaunchScreen.storyboard;
			sourceTree = "<group>";
		};
		FFD8915E2A965B7B00ACA175 /* Localizable.strings */ = {
			isa = PBXVariantGroup;
			children = (
				FFD8915D2A965B7B00ACA175 /* en */,
			);
			name = Localizable.strings;
			sourceTree = "<group>";
		};
/* End PBXVariantGroup section */

/* Begin XCBuildConfiguration section */
		FFD8914D2A96599E00ACA175 /* Debug */ = {
			isa = XCBuildConfiguration;
			buildSettings = {
				ALWAYS_SEARCH_USER_PATHS = NO;
				CLANG_ANALYZER_NONNULL = YES;
				CLANG_ANALYZER_NUMBER_OBJECT_CONVERSION = YES_AGGRESSIVE;
				CLANG_CXX_LANGUAGE_STANDARD = "gnu++20";
				CLANG_ENABLE_MODULES = YES;
				CLANG_ENABLE_OBJC_ARC = YES;
				CLANG_ENABLE_OBJC_WEAK = YES;
				CLANG_WARN_BLOCK_CAPTURE_AUTORELEASING = YES;
				CLANG_WARN_BOOL_CONVERSION = YES;
				CLANG_WARN_COMMA = YES;
				CLANG_WARN_CONSTANT_CONVERSION = YES;
				CLANG_WARN_DEPRECATED_OBJC_IMPLEMENTATIONS = YES;
				CLANG_WARN_DIRECT_OBJC_ISA_USAGE = YES_ERROR;
				CLANG_WARN_DOCUMENTATION_COMMENTS = YES;
				CLANG_WARN_EMPTY_BODY = YES;
				CLANG_WARN_ENUM_CONVERSION = YES;
				CLANG_WARN_INFINITE_RECURSION = YES;
				CLANG_WARN_INT_CONVERSION = YES;
				CLANG_WARN_NON_LITERAL_NULL_CONVERSION = YES;
				CLANG_WARN_OBJC_IMPLICIT_RETAIN_SELF = YES;
				CLANG_WARN_OBJC_LITERAL_CONVERSION = YES;
				CLANG_WARN_OBJC_ROOT_CLASS = YES_ERROR;
				CLANG_WARN_QUOTED_INCLUDE_IN_FRAMEWORK_HEADER = YES;
				CLANG_WARN_RANGE_LOOP_ANALYSIS = YES;
				CLANG_WARN_STRICT_PROTOTYPES = YES;
				CLANG_WARN_SUSPICIOUS_MOVE = YES;
				CLANG_WARN_UNGUARDED_AVAILABILITY = YES_AGGRESSIVE;
				CLANG_WARN_UNREACHABLE_CODE = YES;
				CLANG_WARN__DUPLICATE_METHOD_MATCH = YES;
				COPY_PHASE_STRIP = NO;
				DEBUG_INFORMATION_FORMAT = dwarf;
				ENABLE_STRICT_OBJC_MSGSEND = YES;
				ENABLE_TESTABILITY = YES;
				GCC_C_LANGUAGE_STANDARD = gnu11;
				GCC_DYNAMIC_NO_PIC = NO;
				GCC_NO_COMMON_BLOCKS = YES;
				GCC_OPTIMIZATION_LEVEL = 0;
				GCC_PREPROCESSOR_DEFINITIONS = (
					"DEBUG=1",
					"$(inherited)",
				);
				GCC_WARN_64_TO_32_BIT_CONVERSION = YES;
				GCC_WARN_ABOUT_RETURN_TYPE = YES_ERROR;
				GCC_WARN_UNDECLARED_SELECTOR = YES;
				GCC_WARN_UNINITIALIZED_AUTOS = YES_AGGRESSIVE;
				GCC_WARN_UNUSED_FUNCTION = YES;
				GCC_WARN_UNUSED_VARIABLE = YES;
				IPHONEOS_DEPLOYMENT_TARGET = 16.4;
				MTL_ENABLE_DEBUG_INFO = INCLUDE_SOURCE;
				MTL_FAST_MATH = YES;
				ONLY_ACTIVE_ARCH = YES;
				SDKROOT = iphoneos;
				SWIFT_ACTIVE_COMPILATION_CONDITIONS = DEBUG;
				SWIFT_OPTIMIZATION_LEVEL = "-Onone";
			};
			name = Debug;
		};
		FFD8914E2A96599E00ACA175 /* Release */ = {
			isa = XCBuildConfiguration;
			buildSettings = {
				ALWAYS_SEARCH_USER_PATHS = NO;
				CLANG_ANALYZER_NONNULL = YES;
				CLANG_ANALYZER_NUMBER_OBJECT_CONVERSION = YES_AGGRESSIVE;
				CLANG_CXX_LANGUAGE_STANDARD = "gnu++20";
				CLANG_ENABLE_MODULES = YES;
				CLANG_ENABLE_OBJC_ARC = YES;
				CLANG_ENABLE_OBJC_WEAK = YES;
				CLANG_WARN_BLOCK_CAPTURE_AUTORELEASING = YES;
				CLANG_WARN_BOOL_CONVERSION = YES;
				CLANG_WARN_COMMA = YES;
				CLANG_WARN_CONSTANT_CONVERSION = YES;
				CLANG_WARN_DEPRECATED_OBJC_IMPLEMENTATIONS = YES;
				CLANG_WARN_DIRECT_OBJC_ISA_USAGE = YES_ERROR;
				CLANG_WARN_DOCUMENTATION_COMMENTS = YES;
				CLANG_WARN_EMPTY_BODY = YES;
				CLANG_WARN_ENUM_CONVERSION = YES;
				CLANG_WARN_INFINITE_RECURSION = YES;
				CLANG_WARN_INT_CONVERSION = YES;
				CLANG_WARN_NON_LITERAL_NULL_CONVERSION = YES;
				CLANG_WARN_OBJC_IMPLICIT_RETAIN_SELF = YES;
				CLANG_WARN_OBJC_LITERAL_CONVERSION = YES;
				CLANG_WARN_OBJC_ROOT_CLASS = YES_ERROR;
				CLANG_WARN_QUOTED_INCLUDE_IN_FRAMEWORK_HEADER = YES;
				CLANG_WARN_RANGE_LOOP_ANALYSIS = YES;
				CLANG_WARN_STRICT_PROTOTYPES = YES;
				CLANG_WARN_SUSPICIOUS_MOVE = YES;
				CLANG_WARN_UNGUARDED_AVAILABILITY = YES_AGGRESSIVE;
				CLANG_WARN_UNREACHABLE_CODE = YES;
				CLANG_WARN__DUPLICATE_METHOD_MATCH = YES;
				COPY_PHASE_STRIP = NO;
				DEBUG_INFORMATION_FORMAT = "dwarf-with-dsym";
				ENABLE_NS_ASSERTIONS = NO;
				ENABLE_STRICT_OBJC_MSGSEND = YES;
				GCC_C_LANGUAGE_STANDARD = gnu11;
				GCC_NO_COMMON_BLOCKS = YES;
				GCC_WARN_64_TO_32_BIT_CONVERSION = YES;
				GCC_WARN_ABOUT_RETURN_TYPE = YES_ERROR;
				GCC_WARN_UNDECLARED_SELECTOR = YES;
				GCC_WARN_UNINITIALIZED_AUTOS = YES_AGGRESSIVE;
				GCC_WARN_UNUSED_FUNCTION = YES;
				GCC_WARN_UNUSED_VARIABLE = YES;
				IPHONEOS_DEPLOYMENT_TARGET = 16.4;
				MTL_ENABLE_DEBUG_INFO = NO;
				MTL_FAST_MATH = YES;
				SDKROOT = iphoneos;
				SWIFT_COMPILATION_MODE = wholemodule;
				SWIFT_OPTIMIZATION_LEVEL = "-O";
				VALIDATE_PRODUCT = YES;
			};
			name = Release;
		};
		FFD891502A96599E00ACA175 /* Debug */ = {
			isa = XCBuildConfiguration;
			buildSettings = {
				ASSETCATALOG_COMPILER_APPICON_NAME = AppIcon;
				ASSETCATALOG_COMPILER_GLOBAL_ACCENT_COLOR_NAME = AccentColor;
				CODE_SIGN_STYLE = Automatic;
				CURRENT_PROJECT_VERSION = 1;
				DEVELOPMENT_TEAM = AF68Y4A9MG;
				GENERATE_INFOPLIST_FILE = YES;
				INFOPLIST_FILE = RussiaLosses/App/Info.plist;
				INFOPLIST_KEY_UIApplicationSupportsIndirectInputEvents = YES;
				INFOPLIST_KEY_UILaunchStoryboardName = LaunchScreen;
				INFOPLIST_KEY_UISupportedInterfaceOrientations_iPad = "UIInterfaceOrientationPortrait UIInterfaceOrientationPortraitUpsideDown UIInterfaceOrientationLandscapeLeft UIInterfaceOrientationLandscapeRight";
				INFOPLIST_KEY_UISupportedInterfaceOrientations_iPhone = "UIInterfaceOrientationPortrait UIInterfaceOrientationLandscapeLeft UIInterfaceOrientationLandscapeRight";
				LD_RUNPATH_SEARCH_PATHS = (
					"$(inherited)",
					"@executable_path/Frameworks",
				);
				MARKETING_VERSION = 1.0;
				PRODUCT_BUNDLE_IDENTIFIER = com.anatoliiKh.RussiaLosses;
				PRODUCT_NAME = "$(TARGET_NAME)";
				SUPPORTED_PLATFORMS = "iphoneos iphonesimulator";
				SUPPORTS_MACCATALYST = NO;
				SUPPORTS_MAC_DESIGNED_FOR_IPHONE_IPAD = NO;
				SWIFT_EMIT_LOC_STRINGS = YES;
				SWIFT_VERSION = 5.0;
				TARGETED_DEVICE_FAMILY = "1,2";
			};
			name = Debug;
		};
		FFD891512A96599E00ACA175 /* Release */ = {
			isa = XCBuildConfiguration;
			buildSettings = {
				ASSETCATALOG_COMPILER_APPICON_NAME = AppIcon;
				ASSETCATALOG_COMPILER_GLOBAL_ACCENT_COLOR_NAME = AccentColor;
				CODE_SIGN_STYLE = Automatic;
				CURRENT_PROJECT_VERSION = 1;
				DEVELOPMENT_TEAM = AF68Y4A9MG;
				GENERATE_INFOPLIST_FILE = YES;
				INFOPLIST_FILE = RussiaLosses/App/Info.plist;
				INFOPLIST_KEY_UIApplicationSupportsIndirectInputEvents = YES;
				INFOPLIST_KEY_UILaunchStoryboardName = LaunchScreen;
				INFOPLIST_KEY_UISupportedInterfaceOrientations_iPad = "UIInterfaceOrientationPortrait UIInterfaceOrientationPortraitUpsideDown UIInterfaceOrientationLandscapeLeft UIInterfaceOrientationLandscapeRight";
				INFOPLIST_KEY_UISupportedInterfaceOrientations_iPhone = "UIInterfaceOrientationPortrait UIInterfaceOrientationLandscapeLeft UIInterfaceOrientationLandscapeRight";
				LD_RUNPATH_SEARCH_PATHS = (
					"$(inherited)",
					"@executable_path/Frameworks",
				);
				MARKETING_VERSION = 1.0;
				PRODUCT_BUNDLE_IDENTIFIER = com.anatoliiKh.RussiaLosses;
				PRODUCT_NAME = "$(TARGET_NAME)";
				SUPPORTED_PLATFORMS = "iphoneos iphonesimulator";
				SUPPORTS_MACCATALYST = NO;
				SUPPORTS_MAC_DESIGNED_FOR_IPHONE_IPAD = NO;
				SWIFT_EMIT_LOC_STRINGS = YES;
				SWIFT_VERSION = 5.0;
				TARGETED_DEVICE_FAMILY = "1,2";
			};
			name = Release;
		};
/* End XCBuildConfiguration section */

/* Begin XCConfigurationList section */
		FFD891362A96599600ACA175 /* Build configuration list for PBXProject "RussiaLosses" */ = {
			isa = XCConfigurationList;
			buildConfigurations = (
				FFD8914D2A96599E00ACA175 /* Debug */,
				FFD8914E2A96599E00ACA175 /* Release */,
			);
			defaultConfigurationIsVisible = 0;
			defaultConfigurationName = Release;
		};
		FFD8914F2A96599E00ACA175 /* Build configuration list for PBXNativeTarget "RussiaLosses" */ = {
			isa = XCConfigurationList;
			buildConfigurations = (
				FFD891502A96599E00ACA175 /* Debug */,
				FFD891512A96599E00ACA175 /* Release */,
			);
			defaultConfigurationIsVisible = 0;
			defaultConfigurationName = Release;
		};
/* End XCConfigurationList section */

/* Begin XCRemoteSwiftPackageReference section */
		FFD8917C2A96723700ACA175 /* XCRemoteSwiftPackageReference "SnapKit" */ = {
			isa = XCRemoteSwiftPackageReference;
			repositoryURL = "https://github.com/SnapKit/SnapKit";
			requirement = {
				kind = upToNextMajorVersion;
				minimumVersion = 5.0.0;
			};
		};
/* End XCRemoteSwiftPackageReference section */

/* Begin XCSwiftPackageProductDependency section */
		FFD8917D2A96723700ACA175 /* SnapKit */ = {
			isa = XCSwiftPackageProductDependency;
			package = FFD8917C2A96723700ACA175 /* XCRemoteSwiftPackageReference "SnapKit" */;
			productName = SnapKit;
		};
/* End XCSwiftPackageProductDependency section */
	};
	rootObject = FFD891332A96599600ACA175 /* Project object */;
}
